
Microsoft Visual Studio Solution File, Format Version 12.00
# Visual Studio 2013
VisualStudioVersion = 12.0.31101.0
MinimumVisualStudioVersion = 10.0.40219.1
Project("{FAE04EC0-301F-11D3-BF4B-00C04F79EFBC}") = "Solid.SingleResponsility", "Solid.SingleResponsility\Solid.SingleResponsility.csproj", "{48875E41-FBCC-4B5C-8927-0A8BACFFB49D}"
EndProject
Project("{FAE04EC0-301F-11D3-BF4B-00C04F79EFBC}") = "Solid.OpenClosedDependancyInversion", "Solid.OpenClosedDependancyInversion\Solid.OpenClosedDependancyInversion.csproj", "{6E8DF2DC-B9DC-4C02-9D1C-86B7BE7F28B3}"
EndProject
Project("{FAE04EC0-301F-11D3-BF4B-00C04F79EFBC}") = "Solid.LiskovSubstitution", "Solid.LiskovSubstitution\Solid.LiskovSubstitution.csproj", "{1092AED7-98EE-4A25-AC69-37EB60322F1A}"
EndProject
Project("{FAE04EC0-301F-11D3-BF4B-00C04F79EFBC}") = "Solid.InterfaceSegregation", "Solid.InterfaceSegregation\Solid.InterfaceSegregation.csproj", "{0C6E259D-D656-4360-958B-36B46AC97AC3}"
EndProject
Global
	GlobalSection(SolutionConfigurationPlatforms) = preSolution
		Debug|Any CPU = Debug|Any CPU
		Release|Any CPU = Release|Any CPU
	EndGlobalSection
	GlobalSection(ProjectConfigurationPlatforms) = postSolution
		{48875E41-FBCC-4B5C-8927-0A8BACFFB49D}.Debug|Any CPU.ActiveCfg = Debug|Any CPU
		{48875E41-FBCC-4B5C-8927-0A8BACFFB49D}.Debug|Any CPU.Build.0 = Debug|Any CPU
		{48875E41-FBCC-4B5C-8927-0A8BACFFB49D}.Release|Any CPU.ActiveCfg = Release|Any CPU
		{48875E41-FBCC-4B5C-8927-0A8BACFFB49D}.Release|Any CPU.Build.0 = Release|Any CPU
		{6E8DF2DC-B9DC-4C02-9D1C-86B7BE7F28B3}.Debug|Any CPU.ActiveCfg = Debug|Any CPU
		{6E8DF2DC-B9DC-4C02-9D1C-86B7BE7F28B3}.Debug|Any CPU.Build.0 = Debug|Any CPU
		{6E8DF2DC-B9DC-4C02-9D1C-86B7BE7F28B3}.Release|Any CPU.ActiveCfg = Release|Any CPU
		{6E8DF2DC-B9DC-4C02-9D1C-86B7BE7F28B3}.Release|Any CPU.Build.0 = Release|Any CPU
		{1092AED7-98EE-4A25-AC69-37EB60322F1A}.Debug|Any CPU.ActiveCfg = Debug|Any CPU
		{1092AED7-98EE-4A25-AC69-37EB60322F1A}.Debug|Any CPU.Build.0 = Debug|Any CPU
		{1092AED7-98EE-4A25-AC69-37EB60322F1A}.Release|Any CPU.ActiveCfg = Release|Any CPU
		{1092AED7-98EE-4A25-AC69-37EB60322F1A}.Release|Any CPU.Build.0 = Release|Any CPU
		{0C6E259D-D656-4360-958B-36B46AC97AC3}.Debug|Any CPU.ActiveCfg = Debug|Any CPU
		{0C6E259D-D656-4360-958B-36B46AC97AC3}.Debug|Any CPU.Build.0 = Debug|Any CPU
		{0C6E259D-D656-4360-958B-36B46AC97AC3}.Release|Any CPU.ActiveCfg = Release|Any CPU
		{0C6E259D-D656-4360-958B-36B46AC97AC3}.Release|Any CPU.Build.0 = Release|Any CPU
	EndGlobalSection
	GlobalSection(SolutionProperties) = preSolution
		HideSolutionNode = FALSE
	EndGlobalSection
EndGlobal
