
Microsoft Visual Studio Solution File, Format Version 12.00
# Visual Studio 2013
VisualStudioVersion = 12.0.31101.0
MinimumVisualStudioVersion = 10.0.40219.1
Project("{FAE04EC0-301F-11D3-BF4B-00C04F79EFBC}") = "GenericExampleDay3", "ConsoleApplication1\GenericExampleDay3.csproj", "{9F757DBC-6D59-4172-B8AA-360420720BD3}"
EndProject
Project("{FAE04EC0-301F-11D3-BF4B-00C04F79EFBC}") = "CollectionsExampleDay3", "CollectionsExampleDay3\CollectionsExampleDay3.csproj", "{9F16A50C-C403-4269-93AF-4F96F015F8CB}"
EndProject
Project("{FAE04EC0-301F-11D3-BF4B-00C04F79EFBC}") = "Collections", "Collections\Collections.csproj", "{E685BA74-8B92-4A68-9045-CD22A19D5300}"
EndProject
Global
	GlobalSection(SolutionConfigurationPlatforms) = preSolution
		Debug|Any CPU = Debug|Any CPU
		Release|Any CPU = Release|Any CPU
	EndGlobalSection
	GlobalSection(ProjectConfigurationPlatforms) = postSolution
		{9F757DBC-6D59-4172-B8AA-360420720BD3}.Debug|Any CPU.ActiveCfg = Debug|Any CPU
		{9F757DBC-6D59-4172-B8AA-360420720BD3}.Debug|Any CPU.Build.0 = Debug|Any CPU
		{9F757DBC-6D59-4172-B8AA-360420720BD3}.Release|Any CPU.ActiveCfg = Release|Any CPU
		{9F757DBC-6D59-4172-B8AA-360420720BD3}.Release|Any CPU.Build.0 = Release|Any CPU
		{9F16A50C-C403-4269-93AF-4F96F015F8CB}.Debug|Any CPU.ActiveCfg = Debug|Any CPU
		{9F16A50C-C403-4269-93AF-4F96F015F8CB}.Debug|Any CPU.Build.0 = Debug|Any CPU
		{9F16A50C-C403-4269-93AF-4F96F015F8CB}.Release|Any CPU.ActiveCfg = Release|Any CPU
		{9F16A50C-C403-4269-93AF-4F96F015F8CB}.Release|Any CPU.Build.0 = Release|Any CPU
		{E685BA74-8B92-4A68-9045-CD22A19D5300}.Debug|Any CPU.ActiveCfg = Debug|Any CPU
		{E685BA74-8B92-4A68-9045-CD22A19D5300}.Debug|Any CPU.Build.0 = Debug|Any CPU
		{E685BA74-8B92-4A68-9045-CD22A19D5300}.Release|Any CPU.ActiveCfg = Release|Any CPU
		{E685BA74-8B92-4A68-9045-CD22A19D5300}.Release|Any CPU.Build.0 = Release|Any CPU
	EndGlobalSection
	GlobalSection(SolutionProperties) = preSolution
		HideSolutionNode = FALSE
	EndGlobalSection
EndGlobal
